
Microsoft Visual Studio Solution File, Format Version 12.00
# Visual Studio 15
VisualStudioVersion = 15.0.28307.168
MinimumVisualStudioVersion = 10.0.40219.1
Project("{FAE04EC0-301F-11D3-BF4B-00C04F79EFBC}") = "GardenApi", "GardenApi\GardenApi.csproj", "{B9DE66C4-CDB6-43F1-97DB-DD37A52F42F4}"
EndProject
Global
	GlobalSection(SolutionConfigurationPlatforms) = preSolution
		Debug|Any CPU = Debug|Any CPU
		Release|Any CPU = Release|Any CPU
	EndGlobalSection
	GlobalSection(ProjectConfigurationPlatforms) = postSolution
		{B9DE66C4-CDB6-43F1-97DB-DD37A52F42F4}.Debug|Any CPU.ActiveCfg = Debug|Any CPU
		{B9DE66C4-CDB6-43F1-97DB-DD37A52F42F4}.Debug|Any CPU.Build.0 = Debug|Any CPU
		{B9DE66C4-CDB6-43F1-97DB-DD37A52F42F4}.Release|Any CPU.ActiveCfg = Release|Any CPU
		{B9DE66C4-CDB6-43F1-97DB-DD37A52F42F4}.Release|Any CPU.Build.0 = Release|Any CPU
	EndGlobalSection
	GlobalSection(SolutionProperties) = preSolution
		HideSolutionNode = FALSE
	EndGlobalSection
	GlobalSection(ExtensibilityGlobals) = postSolution
		SolutionGuid = {FB815872-432B-4988-9016-EB548782DE57}
	EndGlobalSection
EndGlobal
